
Microsoft Visual Studio Solution File, Format Version 12.00
# Visual Studio Version 16
VisualStudioVersion = 16.0.28803.452
MinimumVisualStudioVersion = 10.0.40219.1
Project("{778DAE3C-4631-46EA-AA77-85C1314464D9}") = "AhoraEs", "AhoraEs\AhoraEs.vbproj", "{96C7441D-CA2F-453A-B532-3F38F183817D}"
EndProject
Project("{778DAE3C-4631-46EA-AA77-85C1314464D9}") = "Nueva_Fecha", "Nueva_Fecha\Nueva_Fecha.vbproj", "{55EDCD83-0F6B-4ED2-8695-C19B240DBFC5}"
EndProject
Project("{F184B08F-C81C-45F6-A57F-5ABD9991F28F}") = "Hipotenusa", "Hipotenusa\Hipotenusa.vbproj", "{CFF4E2F9-DBEF-4825-96F6-85543F112C70}"
EndProject
Project("{F184B08F-C81C-45F6-A57F-5ABD9991F28F}") = "Volumen_Cilindro", "Volumen_Cilindro\Volumen_Cilindro.vbproj", "{2A333CBE-F97E-4EBA-9B22-BFD4931218ED}"
EndProject
Project("{F184B08F-C81C-45F6-A57F-5ABD9991F28F}") = "Potencias", "Potencias\Potencias.vbproj", "{86FD5453-60B5-46CC-A75A-F2DC13A3BAD8}"
EndProject
Project("{F184B08F-C81C-45F6-A57F-5ABD9991F28F}") = "Acumuladora", "Acumuladora\Acumuladora.vbproj", "{4D88F073-6367-45DC-BE78-034DB3838B3D}"
EndProject
Project("{F184B08F-C81C-45F6-A57F-5ABD9991F28F}") = "Sumas", "Sumas\Sumas.vbproj", "{97780535-8FB4-4CCF-BC62-762E593D8690}"
EndProject
Project("{F184B08F-C81C-45F6-A57F-5ABD9991F28F}") = "SuperficieFiguras", "SuperficieFiguras\SuperficieFiguras.vbproj", "{4A92B44F-6B96-4021-AE41-E01679C0E4E9}"
EndProject
Global
	GlobalSection(SolutionConfigurationPlatforms) = preSolution
		Debug|Any CPU = Debug|Any CPU
		Release|Any CPU = Release|Any CPU
	EndGlobalSection
	GlobalSection(ProjectConfigurationPlatforms) = postSolution
		{96C7441D-CA2F-453A-B532-3F38F183817D}.Debug|Any CPU.ActiveCfg = Debug|Any CPU
		{96C7441D-CA2F-453A-B532-3F38F183817D}.Debug|Any CPU.Build.0 = Debug|Any CPU
		{96C7441D-CA2F-453A-B532-3F38F183817D}.Release|Any CPU.ActiveCfg = Release|Any CPU
		{96C7441D-CA2F-453A-B532-3F38F183817D}.Release|Any CPU.Build.0 = Release|Any CPU
		{55EDCD83-0F6B-4ED2-8695-C19B240DBFC5}.Debug|Any CPU.ActiveCfg = Debug|Any CPU
		{55EDCD83-0F6B-4ED2-8695-C19B240DBFC5}.Debug|Any CPU.Build.0 = Debug|Any CPU
		{55EDCD83-0F6B-4ED2-8695-C19B240DBFC5}.Release|Any CPU.ActiveCfg = Release|Any CPU
		{55EDCD83-0F6B-4ED2-8695-C19B240DBFC5}.Release|Any CPU.Build.0 = Release|Any CPU
		{CFF4E2F9-DBEF-4825-96F6-85543F112C70}.Debug|Any CPU.ActiveCfg = Debug|Any CPU
		{CFF4E2F9-DBEF-4825-96F6-85543F112C70}.Debug|Any CPU.Build.0 = Debug|Any CPU
		{CFF4E2F9-DBEF-4825-96F6-85543F112C70}.Release|Any CPU.ActiveCfg = Release|Any CPU
		{CFF4E2F9-DBEF-4825-96F6-85543F112C70}.Release|Any CPU.Build.0 = Release|Any CPU
		{2A333CBE-F97E-4EBA-9B22-BFD4931218ED}.Debug|Any CPU.ActiveCfg = Debug|Any CPU
		{2A333CBE-F97E-4EBA-9B22-BFD4931218ED}.Debug|Any CPU.Build.0 = Debug|Any CPU
		{2A333CBE-F97E-4EBA-9B22-BFD4931218ED}.Release|Any CPU.ActiveCfg = Release|Any CPU
		{2A333CBE-F97E-4EBA-9B22-BFD4931218ED}.Release|Any CPU.Build.0 = Release|Any CPU
		{86FD5453-60B5-46CC-A75A-F2DC13A3BAD8}.Debug|Any CPU.ActiveCfg = Debug|Any CPU
		{86FD5453-60B5-46CC-A75A-F2DC13A3BAD8}.Debug|Any CPU.Build.0 = Debug|Any CPU
		{86FD5453-60B5-46CC-A75A-F2DC13A3BAD8}.Release|Any CPU.ActiveCfg = Release|Any CPU
		{86FD5453-60B5-46CC-A75A-F2DC13A3BAD8}.Release|Any CPU.Build.0 = Release|Any CPU
		{4D88F073-6367-45DC-BE78-034DB3838B3D}.Debug|Any CPU.ActiveCfg = Debug|Any CPU
		{4D88F073-6367-45DC-BE78-034DB3838B3D}.Debug|Any CPU.Build.0 = Debug|Any CPU
		{4D88F073-6367-45DC-BE78-034DB3838B3D}.Release|Any CPU.ActiveCfg = Release|Any CPU
		{4D88F073-6367-45DC-BE78-034DB3838B3D}.Release|Any CPU.Build.0 = Release|Any CPU
		{97780535-8FB4-4CCF-BC62-762E593D8690}.Debug|Any CPU.ActiveCfg = Debug|Any CPU
		{97780535-8FB4-4CCF-BC62-762E593D8690}.Debug|Any CPU.Build.0 = Debug|Any CPU
		{97780535-8FB4-4CCF-BC62-762E593D8690}.Release|Any CPU.ActiveCfg = Release|Any CPU
		{97780535-8FB4-4CCF-BC62-762E593D8690}.Release|Any CPU.Build.0 = Release|Any CPU
		{4A92B44F-6B96-4021-AE41-E01679C0E4E9}.Debug|Any CPU.ActiveCfg = Debug|Any CPU
		{4A92B44F-6B96-4021-AE41-E01679C0E4E9}.Debug|Any CPU.Build.0 = Debug|Any CPU
		{4A92B44F-6B96-4021-AE41-E01679C0E4E9}.Release|Any CPU.ActiveCfg = Release|Any CPU
		{4A92B44F-6B96-4021-AE41-E01679C0E4E9}.Release|Any CPU.Build.0 = Release|Any CPU
	EndGlobalSection
	GlobalSection(SolutionProperties) = preSolution
		HideSolutionNode = FALSE
	EndGlobalSection
	GlobalSection(ExtensibilityGlobals) = postSolution
		SolutionGuid = {4564AEA3-02FE-4A6B-8426-5C2E34221FB4}
	EndGlobalSection
EndGlobal
